<?xml version="1.0" encoding="UTF-8"?>
<Scheme
   version = "1.3">
   <BuildAction>
      <BuildActionEntries>
         <BuildActionEntry
            buildForRunning = "YES">
            <BuildableReference
               BuildableIdentifier = "primary"
               BlueprintIdentifier = "EBBC3EFDDAD7CF964A52D5C8"
               BuildableName = "BatteryDisplay.app"
               BlueprintName = "BatteryDisplay"
               ReferencedContainer = "container:BatteryDisplay.xcodeproj">
            </BuildableReference>
         </BuildActionEntry>
      </BuildActionEntries>
   </BuildAction>
   <LaunchAction
      useCustomWorkingDirectory = "NO"
      buildConfiguration = "Debug">
      <BuildableProductRunnable>
         <BuildableReference
            BuildableIdentifier = "primary"
            BlueprintIdentifier = "EBBC3EFDDAD7CF964A52D5C8"
            BuildableName = "BatteryDisplay.app"
            BlueprintName = "BatteryDisplay"
            ReferencedContainer = "container:BatteryDisplay.xcodeproj">
         </BuildableReference>
      </BuildableProductRunnable>
   </LaunchAction>
</Scheme>
